
Microsoft Visual Studio Solution File, Format Version 12.00
# Visual Studio Version 17
VisualStudioVersion = 17.13.35806.99 d17.13
MinimumVisualStudioVersion = 10.0.40219.1
Project("{FAE04EC0-301F-11D3-BF4B-00C04F79EFBC}") = "Projekt_DB_20250307", "Projekt_DB_20250307\Projekt_DB_20250307.csproj", "{505A5024-9114-40F7-9EF9-BC90970C3594}"
EndProject
Global
	GlobalSection(SolutionConfigurationPlatforms) = preSolution
		Debug|Any CPU = Debug|Any CPU
		Release|Any CPU = Release|Any CPU
	EndGlobalSection
	GlobalSection(ProjectConfigurationPlatforms) = postSolution
		{505A5024-9114-40F7-9EF9-BC90970C3594}.Debug|Any CPU.ActiveCfg = Debug|Any CPU
		{505A5024-9114-40F7-9EF9-BC90970C3594}.Debug|Any CPU.Build.0 = Debug|Any CPU
		{505A5024-9114-40F7-9EF9-BC90970C3594}.Release|Any CPU.ActiveCfg = Release|Any CPU
		{505A5024-9114-40F7-9EF9-BC90970C3594}.Release|Any CPU.Build.0 = Release|Any CPU
	EndGlobalSection
	GlobalSection(SolutionProperties) = preSolution
		HideSolutionNode = FALSE
	EndGlobalSection
	GlobalSection(ExtensibilityGlobals) = postSolution
		SolutionGuid = {1198DD4C-97C6-46FC-85F1-B4DF341E48AC}
	EndGlobalSection
EndGlobal
